
Microsoft Visual Studio Solution File, Format Version 12.00
# Visual Studio 15
VisualStudioVersion = 15.0.28010.2050
MinimumVisualStudioVersion = 10.0.40219.1
Project("{FAE04EC0-301F-11D3-BF4B-00C04F79EFBC}") = "CassandraForms", "CassandraForms\CassandraForms.csproj", "{BF6DED34-81E1-4642-90DB-D0F29E93A288}"
EndProject
Global
	GlobalSection(SolutionConfigurationPlatforms) = preSolution
		Debug|Any CPU = Debug|Any CPU
		Release|Any CPU = Release|Any CPU
	EndGlobalSection
	GlobalSection(ProjectConfigurationPlatforms) = postSolution
		{BF6DED34-81E1-4642-90DB-D0F29E93A288}.Debug|Any CPU.ActiveCfg = Debug|Any CPU
		{BF6DED34-81E1-4642-90DB-D0F29E93A288}.Debug|Any CPU.Build.0 = Debug|Any CPU
		{BF6DED34-81E1-4642-90DB-D0F29E93A288}.Release|Any CPU.ActiveCfg = Release|Any CPU
		{BF6DED34-81E1-4642-90DB-D0F29E93A288}.Release|Any CPU.Build.0 = Release|Any CPU
	EndGlobalSection
	GlobalSection(SolutionProperties) = preSolution
		HideSolutionNode = FALSE
	EndGlobalSection
	GlobalSection(ExtensibilityGlobals) = postSolution
		SolutionGuid = {25A8C6BC-F02D-4F14-B26C-990A76E2711B}
	EndGlobalSection
EndGlobal
